
Microsoft Visual Studio Solution File, Format Version 12.00
# Visual Studio Version 17
VisualStudioVersion = 17.8.34309.116
MinimumVisualStudioVersion = 10.0.40219.1
Project("{FAE04EC0-301F-11D3-BF4B-00C04F79EFBC}") = "PresentationLayer", "PresentationLayer\PresentationLayer.csproj", "{B969B915-2198-469F-8699-9995884BEFB5}"
EndProject
Global
	GlobalSection(SolutionConfigurationPlatforms) = preSolution
		Debug|Any CPU = Debug|Any CPU
		Release|Any CPU = Release|Any CPU
	EndGlobalSection
	GlobalSection(ProjectConfigurationPlatforms) = postSolution
		{B969B915-2198-469F-8699-9995884BEFB5}.Debug|Any CPU.ActiveCfg = Debug|Any CPU
		{B969B915-2198-469F-8699-9995884BEFB5}.Debug|Any CPU.Build.0 = Debug|Any CPU
		{B969B915-2198-469F-8699-9995884BEFB5}.Release|Any CPU.ActiveCfg = Release|Any CPU
		{B969B915-2198-469F-8699-9995884BEFB5}.Release|Any CPU.Build.0 = Release|Any CPU
	EndGlobalSection
	GlobalSection(SolutionProperties) = preSolution
		HideSolutionNode = FALSE
	EndGlobalSection
	GlobalSection(ExtensibilityGlobals) = postSolution
		SolutionGuid = {821D86D2-C2DE-4D58-994A-B3B72B9C9AD9}
	EndGlobalSection
EndGlobal
